// !$*UTF8*$!
{
	archiveVersion = 1;
	classes = {
	};
	objectVersion = 56;
	objects = {

/* Begin PBXBuildFile section */
		D1D772AF2C2424B600B8B095 /* LittleLemonDinnerMenuApp.swift in Sources */ = {isa = PBXBuildFile; fileRef = D1D772AE2C2424B600B8B095 /* LittleLemonDinnerMenuApp.swift */; };
		D1D772B12C2424B600B8B095 /* ContentView.swift in Sources */ = {isa = PBXBuildFile; fileRef = D1D772B02C2424B600B8B095 /* ContentView.swift */; };
		D1D772B32C2424B800B8B095 /* Assets.xcassets in Resources */ = {isa = PBXBuildFile; fileRef = D1D772B22C2424B800B8B095 /* Assets.xcassets */; };
		D1D772B62C2424B800B8B095 /* Preview Assets.xcassets in Resources */ = {isa = PBXBuildFile; fileRef = D1D772B52C2424B800B8B095 /* Preview Assets.xcassets */; };
		D1D772C02C2424B800B8B095 /* LittleLemonDinnerMenuTests.swift in Sources */ = {isa = PBXBuildFile; fileRef = D1D772BF2C2424B800B8B095 /* LittleLemonDinnerMenuTests.swift */; };
		D1D772CA2C2424B800B8B095 /* LittleLemonDinnerMenuUITests.swift in Sources */ = {isa = PBXBuildFile; fileRef = D1D772C92C2424B800B8B095 /* LittleLemonDinnerMenuUITests.swift */; };
		D1D772CC2C2424B800B8B095 /* LittleLemonDinnerMenuUITestsLaunchTests.swift in Sources */ = {isa = PBXBuildFile; fileRef = D1D772CB2C2424B800B8B095 /* LittleLemonDinnerMenuUITestsLaunchTests.swift */; };
		D1D772DC2C2425C100B8B095 /* MenuItemsView.swift in Sources */ = {isa = PBXBuildFile; fileRef = D1D772DB2C2425C100B8B095 /* MenuItemsView.swift */; };
		D1D772DE2C2425F700B8B095 /* MenuItemsOptionView.swift in Sources */ = {isa = PBXBuildFile; fileRef = D1D772DD2C2425F700B8B095 /* MenuItemsOptionView.swift */; };
		D1D772E02C24260E00B8B095 /* MenuItemDetailsView.swift in Sources */ = {isa = PBXBuildFile; fileRef = D1D772DF2C24260E00B8B095 /* MenuItemDetailsView.swift */; };
		D1D772E22C24543100B8B095 /* MenuSection.swift in Sources */ = {isa = PBXBuildFile; fileRef = D1D772E12C24543100B8B095 /* MenuSection.swift */; };
		D1D772E42C24572F00B8B095 /* MenuItem.swift in Sources */ = {isa = PBXBuildFile; fileRef = D1D772E32C24572F00B8B095 /* MenuItem.swift */; };
		D1D7731E2C258F0800B8B095 /* SortBy.swift in Sources */ = {isa = PBXBuildFile; fileRef = D1D7731D2C258F0800B8B095 /* SortBy.swift */; };
		D1D773202C25969500B8B095 /* MenuCategory.swift in Sources */ = {isa = PBXBuildFile; fileRef = D1D7731F2C25969500B8B095 /* MenuCategory.swift */; };
		D1D773222C2596BF00B8B095 /* Ingredient.swift in Sources */ = {isa = PBXBuildFile; fileRef = D1D773212C2596BF00B8B095 /* Ingredient.swift */; };
		D1D773242C259EAF00B8B095 /* SingleMenuItemView.swift in Sources */ = {isa = PBXBuildFile; fileRef = D1D773232C259EAF00B8B095 /* SingleMenuItemView.swift */; };
		D1D773262C25B43F00B8B095 /* MenuModel.swift in Sources */ = {isa = PBXBuildFile; fileRef = D1D773252C25B43F00B8B095 /* MenuModel.swift */; };
		D1D773282C25B4E700B8B095 /* MockData.swift in Sources */ = {isa = PBXBuildFile; fileRef = D1D773272C25B4E700B8B095 /* MockData.swift */; };
/* End PBXBuildFile section */

/* Begin PBXContainerItemProxy section */
		D1D772BC2C2424B800B8B095 /* PBXContainerItemProxy */ = {
			isa = PBXContainerItemProxy;
			containerPortal = D1D772A32C2424B600B8B095 /* Project object */;
			proxyType = 1;
			remoteGlobalIDString = D1D772AA2C2424B600B8B095;
			remoteInfo = LittleLemonDinnerMenu;
		};
		D1D772C62C2424B800B8B095 /* PBXContainerItemProxy */ = {
			isa = PBXContainerItemProxy;
			containerPortal = D1D772A32C2424B600B8B095 /* Project object */;
			proxyType = 1;
			remoteGlobalIDString = D1D772AA2C2424B600B8B095;
			remoteInfo = LittleLemonDinnerMenu;
		};
/* End PBXContainerItemProxy section */

/* Begin PBXFileReference section */
		D1D772AB2C2424B600B8B095 /* LittleLemonDinnerMenu.app */ = {isa = PBXFileReference; explicitFileType = wrapper.application; includeInIndex = 0; path = LittleLemonDinnerMenu.app; sourceTree = BUILT_PRODUCTS_DIR; };
		D1D772AE2C2424B600B8B095 /* LittleLemonDinnerMenuApp.swift */ = {isa = PBXFileReference; lastKnownFileType = sourcecode.swift; path = LittleLemonDinnerMenuApp.swift; sourceTree = "<group>"; };
		D1D772B02C2424B600B8B095 /* ContentView.swift */ = {isa = PBXFileReference; lastKnownFileType = sourcecode.swift; path = ContentView.swift; sourceTree = "<group>"; };
		D1D772B22C2424B800B8B095 /* Assets.xcassets */ = {isa = PBXFileReference; lastKnownFileType = folder.assetcatalog; path = Assets.xcassets; sourceTree = "<group>"; };
		D1D772B52C2424B800B8B095 /* Preview Assets.xcassets */ = {isa = PBXFileReference; lastKnownFileType = folder.assetcatalog; path = "Preview Assets.xcassets"; sourceTree = "<group>"; };
		D1D772BB2C2424B800B8B095 /* LittleLemonDinnerMenuTests.xctest */ = {isa = PBXFileReference; explicitFileType = wrapper.cfbundle; includeInIndex = 0; path = LittleLemonDinnerMenuTests.xctest; sourceTree = BUILT_PRODUCTS_DIR; };
		D1D772BF2C2424B800B8B095 /* LittleLemonDinnerMenuTests.swift */ = {isa = PBXFileReference; lastKnownFileType = sourcecode.swift; path = LittleLemonDinnerMenuTests.swift; sourceTree = "<group>"; };
		D1D772C52C2424B800B8B095 /* LittleLemonDinnerMenuUITests.xctest */ = {isa = PBXFileReference; explicitFileType = wrapper.cfbundle; includeInIndex = 0; path = LittleLemonDinnerMenuUITests.xctest; sourceTree = BUILT_PRODUCTS_DIR; };
		D1D772C92C2424B800B8B095 /* LittleLemonDinnerMenuUITests.swift */ = {isa = PBXFileReference; lastKnownFileType = sourcecode.swift; path = LittleLemonDinnerMenuUITests.swift; sourceTree = "<group>"; };
		D1D772CB2C2424B800B8B095 /* LittleLemonDinnerMenuUITestsLaunchTests.swift */ = {isa = PBXFileReference; lastKnownFileType = sourcecode.swift; path = LittleLemonDinnerMenuUITestsLaunchTests.swift; sourceTree = "<group>"; };
		D1D772DB2C2425C100B8B095 /* MenuItemsView.swift */ = {isa = PBXFileReference; lastKnownFileType = sourcecode.swift; path = MenuItemsView.swift; sourceTree = "<group>"; };
		D1D772DD2C2425F700B8B095 /* MenuItemsOptionView.swift */ = {isa = PBXFileReference; lastKnownFileType = sourcecode.swift; path = MenuItemsOptionView.swift; sourceTree = "<group>"; };
		D1D772DF2C24260E00B8B095 /* MenuItemDetailsView.swift */ = {isa = PBXFileReference; lastKnownFileType = sourcecode.swift; path = MenuItemDetailsView.swift; sourceTree = "<group>"; };
		D1D772E12C24543100B8B095 /* MenuSection.swift */ = {isa = PBXFileReference; lastKnownFileType = sourcecode.swift; path = MenuSection.swift; sourceTree = "<group>"; };
		D1D772E32C24572F00B8B095 /* MenuItem.swift */ = {isa = PBXFileReference; lastKnownFileType = sourcecode.swift; path = MenuItem.swift; sourceTree = "<group>"; };
		D1D7731D2C258F0800B8B095 /* SortBy.swift */ = {isa = PBXFileReference; lastKnownFileType = sourcecode.swift; path = SortBy.swift; sourceTree = "<group>"; };
		D1D7731F2C25969500B8B095 /* MenuCategory.swift */ = {isa = PBXFileReference; lastKnownFileType = sourcecode.swift; path = MenuCategory.swift; sourceTree = "<group>"; };
		D1D773212C2596BF00B8B095 /* Ingredient.swift */ = {isa = PBXFileReference; lastKnownFileType = sourcecode.swift; path = Ingredient.swift; sourceTree = "<group>"; };
		D1D773232C259EAF00B8B095 /* SingleMenuItemView.swift */ = {isa = PBXFileReference; lastKnownFileType = sourcecode.swift; path = SingleMenuItemView.swift; sourceTree = "<group>"; };
		D1D773252C25B43F00B8B095 /* MenuModel.swift */ = {isa = PBXFileReference; lastKnownFileType = sourcecode.swift; path = MenuModel.swift; sourceTree = "<group>"; };
		D1D773272C25B4E700B8B095 /* MockData.swift */ = {isa = PBXFileReference; lastKnownFileType = sourcecode.swift; path = MockData.swift; sourceTree = "<group>"; };
/* End PBXFileReference section */

/* Begin PBXFrameworksBuildPhase section */
		D1D772A82C2424B600B8B095 /* Frameworks */ = {
			isa = PBXFrameworksBuildPhase;
			buildActionMask = 2147483647;
			files = (
			);
			runOnlyForDeploymentPostprocessing = 0;
		};
		D1D772B82C2424B800B8B095 /* Frameworks */ = {
			isa = PBXFrameworksBuildPhase;
			buildActionMask = 2147483647;
			files = (
			);
			runOnlyForDeploymentPostprocessing = 0;
		};
		D1D772C22C2424B800B8B095 /* Frameworks */ = {
			isa = PBXFrameworksBuildPhase;
			buildActionMask = 2147483647;
			files = (
			);
			runOnlyForDeploymentPostprocessing = 0;
		};
/* End PBXFrameworksBuildPhase section */

/* Begin PBXGroup section */
		D1D772A22C2424B600B8B095 = {
			isa = PBXGroup;
			children = (
				D1D772AD2C2424B600B8B095 /* LittleLemonDinnerMenu */,
				D1D772BE2C2424B800B8B095 /* LittleLemonDinnerMenuTests */,
				D1D772C82C2424B800B8B095 /* LittleLemonDinnerMenuUITests */,
				D1D772AC2C2424B600B8B095 /* Products */,
			);
			sourceTree = "<group>";
		};
		D1D772AC2C2424B600B8B095 /* Products */ = {
			isa = PBXGroup;
			children = (
				D1D772AB2C2424B600B8B095 /* LittleLemonDinnerMenu.app */,
				D1D772BB2C2424B800B8B095 /* LittleLemonDinnerMenuTests.xctest */,
				D1D772C52C2424B800B8B095 /* LittleLemonDinnerMenuUITests.xctest */,
			);
			name = Products;
			sourceTree = "<group>";
		};
		D1D772AD2C2424B600B8B095 /* LittleLemonDinnerMenu */ = {
			isa = PBXGroup;
			children = (
				D1D772AE2C2424B600B8B095 /* LittleLemonDinnerMenuApp.swift */,
				D1D772B02C2424B600B8B095 /* ContentView.swift */,
				D1D773252C25B43F00B8B095 /* MenuModel.swift */,
				D1D773272C25B4E700B8B095 /* MockData.swift */,
				D1D7731F2C25969500B8B095 /* MenuCategory.swift */,
				D1D773212C2596BF00B8B095 /* Ingredient.swift */,
				D1D7731D2C258F0800B8B095 /* SortBy.swift */,
				D1D772DB2C2425C100B8B095 /* MenuItemsView.swift */,
				D1D772E12C24543100B8B095 /* MenuSection.swift */,
				D1D772E32C24572F00B8B095 /* MenuItem.swift */,
				D1D773232C259EAF00B8B095 /* SingleMenuItemView.swift */,
				D1D772DD2C2425F700B8B095 /* MenuItemsOptionView.swift */,
				D1D772DF2C24260E00B8B095 /* MenuItemDetailsView.swift */,
				D1D772B22C2424B800B8B095 /* Assets.xcassets */,
				D1D772B42C2424B800B8B095 /* Preview Content */,
			);
			path = LittleLemonDinnerMenu;
			sourceTree = "<group>";
		};
		D1D772B42C2424B800B8B095 /* Preview Content */ = {
			isa = PBXGroup;
			children = (
				D1D772B52C2424B800B8B095 /* Preview Assets.xcassets */,
			);
			path = "Preview Content";
			sourceTree = "<group>";
		};
		D1D772BE2C2424B800B8B095 /* LittleLemonDinnerMenuTests */ = {
			isa = PBXGroup;
			children = (
				D1D772BF2C2424B800B8B095 /* LittleLemonDinnerMenuTests.swift */,
			);
			path = LittleLemonDinnerMenuTests;
			sourceTree = "<group>";
		};
		D1D772C82C2424B800B8B095 /* LittleLemonDinnerMenuUITests */ = {
			isa = PBXGroup;
			children = (
				D1D772C92C2424B800B8B095 /* LittleLemonDinnerMenuUITests.swift */,
				D1D772CB2C2424B800B8B095 /* LittleLemonDinnerMenuUITestsLaunchTests.swift */,
			);
			path = LittleLemonDinnerMenuUITests;
			sourceTree = "<group>";
		};
/* End PBXGroup section */

/* Begin PBXNativeTarget section */
		D1D772AA2C2424B600B8B095 /* LittleLemonDinnerMenu */ = {
			isa = PBXNativeTarget;
			buildConfigurationList = D1D772CF2C2424B800B8B095 /* Build configuration list for PBXNativeTarget "LittleLemonDinnerMenu" */;
			buildPhases = (
				D1D772A72C2424B600B8B095 /* Sources */,
				D1D772A82C2424B600B8B095 /* Frameworks */,
				D1D772A92C2424B600B8B095 /* Resources */,
			);
			buildRules = (
			);
			dependencies = (
			);
			name = LittleLemonDinnerMenu;
			productName = LittleLemonDinnerMenu;
			productReference = D1D772AB2C2424B600B8B095 /* LittleLemonDinnerMenu.app */;
			productType = "com.apple.product-type.application";
		};
		D1D772BA2C2424B800B8B095 /* LittleLemonDinnerMenuTests */ = {
			isa = PBXNativeTarget;
			buildConfigurationList = D1D772D22C2424B800B8B095 /* Build configuration list for PBXNativeTarget "LittleLemonDinnerMenuTests" */;
			buildPhases = (
				D1D772B72C2424B800B8B095 /* Sources */,
				D1D772B82C2424B800B8B095 /* Frameworks */,
				D1D772B92C2424B800B8B095 /* Resources */,
			);
			buildRules = (
			);
			dependencies = (
				D1D772BD2C2424B800B8B095 /* PBXTargetDependency */,
			);
			name = LittleLemonDinnerMenuTests;
			productName = LittleLemonDinnerMenuTests;
			productReference = D1D772BB2C2424B800B8B095 /* LittleLemonDinnerMenuTests.xctest */;
			productType = "com.apple.product-type.bundle.unit-test";
		};
		D1D772C42C2424B800B8B095 /* LittleLemonDinnerMenuUITests */ = {
			isa = PBXNativeTarget;
			buildConfigurationList = D1D772D52C2424B800B8B095 /* Build configuration list for PBXNativeTarget "LittleLemonDinnerMenuUITests" */;
			buildPhases = (
				D1D772C12C2424B800B8B095 /* Sources */,
				D1D772C22C2424B800B8B095 /* Frameworks */,
				D1D772C32C2424B800B8B095 /* Resources */,
			);
			buildRules = (
			);
			dependencies = (
				D1D772C72C2424B800B8B095 /* PBXTargetDependency */,
			);
			name = LittleLemonDinnerMenuUITests;
			productName = LittleLemonDinnerMenuUITests;
			productReference = D1D772C52C2424B800B8B095 /* LittleLemonDinnerMenuUITests.xctest */;
			productType = "com.apple.product-type.bundle.ui-testing";
		};
/* End PBXNativeTarget section */

/* Begin PBXProject section */
		D1D772A32C2424B600B8B095 /* Project object */ = {
			isa = PBXProject;
			attributes = {
				BuildIndependentTargetsInParallel = 1;
				LastSwiftUpdateCheck = 1540;
				LastUpgradeCheck = 1540;
				TargetAttributes = {
					D1D772AA2C2424B600B8B095 = {
						CreatedOnToolsVersion = 15.4;
					};
					D1D772BA2C2424B800B8B095 = {
						CreatedOnToolsVersion = 15.4;
						TestTargetID = D1D772AA2C2424B600B8B095;
					};
					D1D772C42C2424B800B8B095 = {
						CreatedOnToolsVersion = 15.4;
						TestTargetID = D1D772AA2C2424B600B8B095;
					};
				};
			};
			buildConfigurationList = D1D772A62C2424B600B8B095 /* Build configuration list for PBXProject "LittleLemonDinnerMenu" */;
			compatibilityVersion = "Xcode 14.0";
			developmentRegion = en;
			hasScannedForEncodings = 0;
			knownRegions = (
				en,
				Base,
			);
			mainGroup = D1D772A22C2424B600B8B095;
			productRefGroup = D1D772AC2C2424B600B8B095 /* Products */;
			projectDirPath = "";
			projectRoot = "";
			targets = (
				D1D772AA2C2424B600B8B095 /* LittleLemonDinnerMenu */,
				D1D772BA2C2424B800B8B095 /* LittleLemonDinnerMenuTests */,
				D1D772C42C2424B800B8B095 /* LittleLemonDinnerMenuUITests */,
			);
		};
/* End PBXProject section */

/* Begin PBXResourcesBuildPhase section */
		D1D772A92C2424B600B8B095 /* Resources */ = {
			isa = PBXResourcesBuildPhase;
			buildActionMask = 2147483647;
			files = (
				D1D772B62C2424B800B8B095 /* Preview Assets.xcassets in Resources */,
				D1D772B32C2424B800B8B095 /* Assets.xcassets in Resources */,
			);
			runOnlyForDeploymentPostprocessing = 0;
		};
		D1D772B92C2424B800B8B095 /* Resources */ = {
			isa = PBXResourcesBuildPhase;
			buildActionMask = 2147483647;
			files = (
			);
			runOnlyForDeploymentPostprocessing = 0;
		};
		D1D772C32C2424B800B8B095 /* Resources */ = {
			isa = PBXResourcesBuildPhase;
			buildActionMask = 2147483647;
			files = (
			);
			runOnlyForDeploymentPostprocessing = 0;
		};
/* End PBXResourcesBuildPhase section */

/* Begin PBXSourcesBuildPhase section */
		D1D772A72C2424B600B8B095 /* Sources */ = {
			isa = PBXSourcesBuildPhase;
			buildActionMask = 2147483647;
			files = (
				D1D773242C259EAF00B8B095 /* SingleMenuItemView.swift in Sources */,
				D1D772E42C24572F00B8B095 /* MenuItem.swift in Sources */,
				D1D772B12C2424B600B8B095 /* ContentView.swift in Sources */,
				D1D773282C25B4E700B8B095 /* MockData.swift in Sources */,
				D1D772DC2C2425C100B8B095 /* MenuItemsView.swift in Sources */,
				D1D773202C25969500B8B095 /* MenuCategory.swift in Sources */,
				D1D772AF2C2424B600B8B095 /* LittleLemonDinnerMenuApp.swift in Sources */,
				D1D772DE2C2425F700B8B095 /* MenuItemsOptionView.swift in Sources */,
				D1D7731E2C258F0800B8B095 /* SortBy.swift in Sources */,
				D1D773262C25B43F00B8B095 /* MenuModel.swift in Sources */,
				D1D772E22C24543100B8B095 /* MenuSection.swift in Sources */,
				D1D772E02C24260E00B8B095 /* MenuItemDetailsView.swift in Sources */,
				D1D773222C2596BF00B8B095 /* Ingredient.swift in Sources */,
			);
			runOnlyForDeploymentPostprocessing = 0;
		};
		D1D772B72C2424B800B8B095 /* Sources */ = {
			isa = PBXSourcesBuildPhase;
			buildActionMask = 2147483647;
			files = (
				D1D772C02C2424B800B8B095 /* LittleLemonDinnerMenuTests.swift in Sources */,
			);
			runOnlyForDeploymentPostprocessing = 0;
		};
		D1D772C12C2424B800B8B095 /* Sources */ = {
			isa = PBXSourcesBuildPhase;
			buildActionMask = 2147483647;
			files = (
				D1D772CA2C2424B800B8B095 /* LittleLemonDinnerMenuUITests.swift in Sources */,
				D1D772CC2C2424B800B8B095 /* LittleLemonDinnerMenuUITestsLaunchTests.swift in Sources */,
			);
			runOnlyForDeploymentPostprocessing = 0;
		};
/* End PBXSourcesBuildPhase section */

/* Begin PBXTargetDependency section */
		D1D772BD2C2424B800B8B095 /* PBXTargetDependency */ = {
			isa = PBXTargetDependency;
			target = D1D772AA2C2424B600B8B095 /* LittleLemonDinnerMenu */;
			targetProxy = D1D772BC2C2424B800B8B095 /* PBXContainerItemProxy */;
		};
		D1D772C72C2424B800B8B095 /* PBXTargetDependency */ = {
			isa = PBXTargetDependency;
			target = D1D772AA2C2424B600B8B095 /* LittleLemonDinnerMenu */;
			targetProxy = D1D772C62C2424B800B8B095 /* PBXContainerItemProxy */;
		};
/* End PBXTargetDependency section */

/* Begin XCBuildConfiguration section */
		D1D772CD2C2424B800B8B095 /* Debug */ = {
			isa = XCBuildConfiguration;
			buildSettings = {
				ALWAYS_SEARCH_USER_PATHS = NO;
				ASSETCATALOG_COMPILER_GENERATE_SWIFT_ASSET_SYMBOL_EXTENSIONS = YES;
				CLANG_ANALYZER_NONNULL = YES;
				CLANG_ANALYZER_NUMBER_OBJECT_CONVERSION = YES_AGGRESSIVE;
				CLANG_CXX_LANGUAGE_STANDARD = "gnu++20";
				CLANG_ENABLE_MODULES = YES;
				CLANG_ENABLE_OBJC_ARC = YES;
				CLANG_ENABLE_OBJC_WEAK = YES;
				CLANG_WARN_BLOCK_CAPTURE_AUTORELEASING = YES;
				CLANG_WARN_BOOL_CONVERSION = YES;
				CLANG_WARN_COMMA = YES;
				CLANG_WARN_CONSTANT_CONVERSION = YES;
				CLANG_WARN_DEPRECATED_OBJC_IMPLEMENTATIONS = YES;
				CLANG_WARN_DIRECT_OBJC_ISA_USAGE = YES_ERROR;
				CLANG_WARN_DOCUMENTATION_COMMENTS = YES;
				CLANG_WARN_EMPTY_BODY = YES;
				CLANG_WARN_ENUM_CONVERSION = YES;
				CLANG_WARN_INFINITE_RECURSION = YES;
				CLANG_WARN_INT_CONVERSION = YES;
				CLANG_WARN_NON_LITERAL_NULL_CONVERSION = YES;
				CLANG_WARN_OBJC_IMPLICIT_RETAIN_SELF = YES;
				CLANG_WARN_OBJC_LITERAL_CONVERSION = YES;
				CLANG_WARN_OBJC_ROOT_CLASS = YES_ERROR;
				CLANG_WARN_QUOTED_INCLUDE_IN_FRAMEWORK_HEADER = YES;
				CLANG_WARN_RANGE_LOOP_ANALYSIS = YES;
				CLANG_WARN_STRICT_PROTOTYPES = YES;
				CLANG_WARN_SUSPICIOUS_MOVE = YES;
				CLANG_WARN_UNGUARDED_AVAILABILITY = YES_AGGRESSIVE;
				CLANG_WARN_UNREACHABLE_CODE = YES;
				CLANG_WARN__DUPLICATE_METHOD_MATCH = YES;
				COPY_PHASE_STRIP = NO;
				DEBUG_INFORMATION_FORMAT = dwarf;
				ENABLE_STRICT_OBJC_MSGSEND = YES;
				ENABLE_TESTABILITY = YES;
				ENABLE_USER_SCRIPT_SANDBOXING = YES;
				GCC_C_LANGUAGE_STANDARD = gnu17;
				GCC_DYNAMIC_NO_PIC = NO;
				GCC_NO_COMMON_BLOCKS = YES;
				GCC_OPTIMIZATION_LEVEL = 0;
				GCC_PREPROCESSOR_DEFINITIONS = (
					"DEBUG=1",
					"$(inherited)",
				);
				GCC_WARN_64_TO_32_BIT_CONVERSION = YES;
				GCC_WARN_ABOUT_RETURN_TYPE = YES_ERROR;
				GCC_WARN_UNDECLARED_SELECTOR = YES;
				GCC_WARN_UNINITIALIZED_AUTOS = YES_AGGRESSIVE;
				GCC_WARN_UNUSED_FUNCTION = YES;
				GCC_WARN_UNUSED_VARIABLE = YES;
				IPHONEOS_DEPLOYMENT_TARGET = 17.5;
				LOCALIZATION_PREFERS_STRING_CATALOGS = YES;
				MTL_ENABLE_DEBUG_INFO = INCLUDE_SOURCE;
				MTL_FAST_MATH = YES;
				ONLY_ACTIVE_ARCH = YES;
				SDKROOT = iphoneos;
				SWIFT_ACTIVE_COMPILATION_CONDITIONS = "DEBUG $(inherited)";
				SWIFT_OPTIMIZATION_LEVEL = "-Onone";
			};
			name = Debug;
		};
		D1D772CE2C2424B800B8B095 /* Release */ = {
			isa = XCBuildConfiguration;
			buildSettings = {
				ALWAYS_SEARCH_USER_PATHS = NO;
				ASSETCATALOG_COMPILER_GENERATE_SWIFT_ASSET_SYMBOL_EXTENSIONS = YES;
				CLANG_ANALYZER_NONNULL = YES;
				CLANG_ANALYZER_NUMBER_OBJECT_CONVERSION = YES_AGGRESSIVE;
				CLANG_CXX_LANGUAGE_STANDARD = "gnu++20";
				CLANG_ENABLE_MODULES = YES;
				CLANG_ENABLE_OBJC_ARC = YES;
				CLANG_ENABLE_OBJC_WEAK = YES;
				CLANG_WARN_BLOCK_CAPTURE_AUTORELEASING = YES;
				CLANG_WARN_BOOL_CONVERSION = YES;
				CLANG_WARN_COMMA = YES;
				CLANG_WARN_CONSTANT_CONVERSION = YES;
				CLANG_WARN_DEPRECATED_OBJC_IMPLEMENTATIONS = YES;
				CLANG_WARN_DIRECT_OBJC_ISA_USAGE = YES_ERROR;
				CLANG_WARN_DOCUMENTATION_COMMENTS = YES;
				CLANG_WARN_EMPTY_BODY = YES;
				CLANG_WARN_ENUM_CONVERSION = YES;
				CLANG_WARN_INFINITE_RECURSION = YES;
				CLANG_WARN_INT_CONVERSION = YES;
				CLANG_WARN_NON_LITERAL_NULL_CONVERSION = YES;
				CLANG_WARN_OBJC_IMPLICIT_RETAIN_SELF = YES;
				CLANG_WARN_OBJC_LITERAL_CONVERSION = YES;
				CLANG_WARN_OBJC_ROOT_CLASS = YES_ERROR;
				CLANG_WARN_QUOTED_INCLUDE_IN_FRAMEWORK_HEADER = YES;
				CLANG_WARN_RANGE_LOOP_ANALYSIS = YES;
				CLANG_WARN_STRICT_PROTOTYPES = YES;
				CLANG_WARN_SUSPICIOUS_MOVE = YES;
				CLANG_WARN_UNGUARDED_AVAILABILITY = YES_AGGRESSIVE;
				CLANG_WARN_UNREACHABLE_CODE = YES;
				CLANG_WARN__DUPLICATE_METHOD_MATCH = YES;
				COPY_PHASE_STRIP = NO;
				DEBUG_INFORMATION_FORMAT = "dwarf-with-dsym";
				ENABLE_NS_ASSERTIONS = NO;
				ENABLE_STRICT_OBJC_MSGSEND = YES;
				ENABLE_USER_SCRIPT_SANDBOXING = YES;
				GCC_C_LANGUAGE_STANDARD = gnu17;
				GCC_NO_COMMON_BLOCKS = YES;
				GCC_WARN_64_TO_32_BIT_CONVERSION = YES;
				GCC_WARN_ABOUT_RETURN_TYPE = YES_ERROR;
				GCC_WARN_UNDECLARED_SELECTOR = YES;
				GCC_WARN_UNINITIALIZED_AUTOS = YES_AGGRESSIVE;
				GCC_WARN_UNUSED_FUNCTION = YES;
				GCC_WARN_UNUSED_VARIABLE = YES;
				IPHONEOS_DEPLOYMENT_TARGET = 17.5;
				LOCALIZATION_PREFERS_STRING_CATALOGS = YES;
				MTL_ENABLE_DEBUG_INFO = NO;
				MTL_FAST_MATH = YES;
				SDKROOT = iphoneos;
				SWIFT_COMPILATION_MODE = wholemodule;
				VALIDATE_PRODUCT = YES;
			};
			name = Release;
		};
		D1D772D02C2424B800B8B095 /* Debug */ = {
			isa = XCBuildConfiguration;
			buildSettings = {
				ASSETCATALOG_COMPILER_APPICON_NAME = AppIcon;
				ASSETCATALOG_COMPILER_GLOBAL_ACCENT_COLOR_NAME = AccentColor;
				CODE_SIGN_STYLE = Automatic;
				CURRENT_PROJECT_VERSION = 1;
				DEVELOPMENT_ASSET_PATHS = "\"LittleLemonDinnerMenu/Preview Content\"";
				DEVELOPMENT_TEAM = 3GQBFXQSSL;
				ENABLE_PREVIEWS = YES;
				GENERATE_INFOPLIST_FILE = YES;
				INFOPLIST_KEY_UIApplicationSceneManifest_Generation = YES;
				INFOPLIST_KEY_UIApplicationSupportsIndirectInputEvents = YES;
				INFOPLIST_KEY_UILaunchScreen_Generation = YES;
				INFOPLIST_KEY_UISupportedInterfaceOrientations_iPad = "UIInterfaceOrientationPortrait UIInterfaceOrientationPortraitUpsideDown UIInterfaceOrientationLandscapeLeft UIInterfaceOrientationLandscapeRight";
				INFOPLIST_KEY_UISupportedInterfaceOrientations_iPhone = "UIInterfaceOrientationPortrait UIInterfaceOrientationLandscapeLeft UIInterfaceOrientationLandscapeRight";
				LD_RUNPATH_SEARCH_PATHS = (
					"$(inherited)",
					"@executable_path/Frameworks",
				);
				MARKETING_VERSION = 1.0;
				PRODUCT_BUNDLE_IDENTIFIER = littlelemon.LittleLemonDinnerMenu;
				PRODUCT_NAME = "$(TARGET_NAME)";
				SWIFT_EMIT_LOC_STRINGS = YES;
				SWIFT_VERSION = 5.0;
				TARGETED_DEVICE_FAMILY = "1,2";
			};
			name = Debug;
		};
		D1D772D12C2424B800B8B095 /* Release */ = {
			isa = XCBuildConfiguration;
			buildSettings = {
				ASSETCATALOG_COMPILER_APPICON_NAME = AppIcon;
				ASSETCATALOG_COMPILER_GLOBAL_ACCENT_COLOR_NAME = AccentColor;
				CODE_SIGN_STYLE = Automatic;
				CURRENT_PROJECT_VERSION = 1;
				DEVELOPMENT_ASSET_PATHS = "\"LittleLemonDinnerMenu/Preview Content\"";
				DEVELOPMENT_TEAM = 3GQBFXQSSL;
				ENABLE_PREVIEWS = YES;
				GENERATE_INFOPLIST_FILE = YES;
				INFOPLIST_KEY_UIApplicationSceneManifest_Generation = YES;
				INFOPLIST_KEY_UIApplicationSupportsIndirectInputEvents = YES;
				INFOPLIST_KEY_UILaunchScreen_Generation = YES;
				INFOPLIST_KEY_UISupportedInterfaceOrientations_iPad = "UIInterfaceOrientationPortrait UIInterfaceOrientationPortraitUpsideDown UIInterfaceOrientationLandscapeLeft UIInterfaceOrientationLandscapeRight";
				INFOPLIST_KEY_UISupportedInterfaceOrientations_iPhone = "UIInterfaceOrientationPortrait UIInterfaceOrientationLandscapeLeft UIInterfaceOrientationLandscapeRight";
				LD_RUNPATH_SEARCH_PATHS = (
					"$(inherited)",
					"@executable_path/Frameworks",
				);
				MARKETING_VERSION = 1.0;
				PRODUCT_BUNDLE_IDENTIFIER = littlelemon.LittleLemonDinnerMenu;
				PRODUCT_NAME = "$(TARGET_NAME)";
				SWIFT_EMIT_LOC_STRINGS = YES;
				SWIFT_VERSION = 5.0;
				TARGETED_DEVICE_FAMILY = "1,2";
			};
			name = Release;
		};
		D1D772D32C2424B800B8B095 /* Debug */ = {
			isa = XCBuildConfiguration;
			buildSettings = {
				ALWAYS_EMBED_SWIFT_STANDARD_LIBRARIES = YES;
				BUNDLE_LOADER = "$(TEST_HOST)";
				CODE_SIGN_STYLE = Automatic;
				CURRENT_PROJECT_VERSION = 1;
				DEVELOPMENT_TEAM = 3GQBFXQSSL;
				GENERATE_INFOPLIST_FILE = YES;
				IPHONEOS_DEPLOYMENT_TARGET = 17.5;
				MARKETING_VERSION = 1.0;
				PRODUCT_BUNDLE_IDENTIFIER = littlelemon.LittleLemonDinnerMenuTests;
				PRODUCT_NAME = "$(TARGET_NAME)";
				SWIFT_EMIT_LOC_STRINGS = NO;
				SWIFT_VERSION = 5.0;
				TARGETED_DEVICE_FAMILY = "1,2";
				TEST_HOST = "$(BUILT_PRODUCTS_DIR)/LittleLemonDinnerMenu.app/$(BUNDLE_EXECUTABLE_FOLDER_PATH)/LittleLemonDinnerMenu";
			};
			name = Debug;
		};
		D1D772D42C2424B800B8B095 /* Release */ = {
			isa = XCBuildConfiguration;
			buildSettings = {
				ALWAYS_EMBED_SWIFT_STANDARD_LIBRARIES = YES;
				BUNDLE_LOADER = "$(TEST_HOST)";
				CODE_SIGN_STYLE = Automatic;
				CURRENT_PROJECT_VERSION = 1;
				DEVELOPMENT_TEAM = 3GQBFXQSSL;
				GENERATE_INFOPLIST_FILE = YES;
				IPHONEOS_DEPLOYMENT_TARGET = 17.5;
				MARKETING_VERSION = 1.0;
				PRODUCT_BUNDLE_IDENTIFIER = littlelemon.LittleLemonDinnerMenuTests;
				PRODUCT_NAME = "$(TARGET_NAME)";
				SWIFT_EMIT_LOC_STRINGS = NO;
				SWIFT_VERSION = 5.0;
				TARGETED_DEVICE_FAMILY = "1,2";
				TEST_HOST = "$(BUILT_PRODUCTS_DIR)/LittleLemonDinnerMenu.app/$(BUNDLE_EXECUTABLE_FOLDER_PATH)/LittleLemonDinnerMenu";
			};
			name = Release;
		};
		D1D772D62C2424B800B8B095 /* Debug */ = {
			isa = XCBuildConfiguration;
			buildSettings = {
				ALWAYS_EMBED_SWIFT_STANDARD_LIBRARIES = YES;
				CODE_SIGN_STYLE = Automatic;
				CURRENT_PROJECT_VERSION = 1;
				DEVELOPMENT_TEAM = 3GQBFXQSSL;
				GENERATE_INFOPLIST_FILE = YES;
				MARKETING_VERSION = 1.0;
				PRODUCT_BUNDLE_IDENTIFIER = littlelemon.LittleLemonDinnerMenuUITests;
				PRODUCT_NAME = "$(TARGET_NAME)";
				SWIFT_EMIT_LOC_STRINGS = NO;
				SWIFT_VERSION = 5.0;
				TARGETED_DEVICE_FAMILY = "1,2";
				TEST_TARGET_NAME = LittleLemonDinnerMenu;
			};
			name = Debug;
		};
		D1D772D72C2424B800B8B095 /* Release */ = {
			isa = XCBuildConfiguration;
			buildSettings = {
				ALWAYS_EMBED_SWIFT_STANDARD_LIBRARIES = YES;
				CODE_SIGN_STYLE = Automatic;
				CURRENT_PROJECT_VERSION = 1;
				DEVELOPMENT_TEAM = 3GQBFXQSSL;
				GENERATE_INFOPLIST_FILE = YES;
				MARKETING_VERSION = 1.0;
				PRODUCT_BUNDLE_IDENTIFIER = littlelemon.LittleLemonDinnerMenuUITests;
				PRODUCT_NAME = "$(TARGET_NAME)";
				SWIFT_EMIT_LOC_STRINGS = NO;
				SWIFT_VERSION = 5.0;
				TARGETED_DEVICE_FAMILY = "1,2";
				TEST_TARGET_NAME = LittleLemonDinnerMenu;
			};
			name = Release;
		};
/* End XCBuildConfiguration section */

/* Begin XCConfigurationList section */
		D1D772A62C2424B600B8B095 /* Build configuration list for PBXProject "LittleLemonDinnerMenu" */ = {
			isa = XCConfigurationList;
			buildConfigurations = (
				D1D772CD2C2424B800B8B095 /* Debug */,
				D1D772CE2C2424B800B8B095 /* Release */,
			);
			defaultConfigurationIsVisible = 0;
			defaultConfigurationName = Release;
		};
		D1D772CF2C2424B800B8B095 /* Build configuration list for PBXNativeTarget "LittleLemonDinnerMenu" */ = {
			isa = XCConfigurationList;
			buildConfigurations = (
				D1D772D02C2424B800B8B095 /* Debug */,
				D1D772D12C2424B800B8B095 /* Release */,
			);
			defaultConfigurationIsVisible = 0;
			defaultConfigurationName = Release;
		};
		D1D772D22C2424B800B8B095 /* Build configuration list for PBXNativeTarget "LittleLemonDinnerMenuTests" */ = {
			isa = XCConfigurationList;
			buildConfigurations = (
				D1D772D32C2424B800B8B095 /* Debug */,
				D1D772D42C2424B800B8B095 /* Release */,
			);
			defaultConfigurationIsVisible = 0;
			defaultConfigurationName = Release;
		};
		D1D772D52C2424B800B8B095 /* Build configuration list for PBXNativeTarget "LittleLemonDinnerMenuUITests" */ = {
			isa = XCConfigurationList;
			buildConfigurations = (
				D1D772D62C2424B800B8B095 /* Debug */,
				D1D772D72C2424B800B8B095 /* Release */,
			);
			defaultConfigurationIsVisible = 0;
			defaultConfigurationName = Release;
		};
/* End XCConfigurationList section */
	};
	rootObject = D1D772A32C2424B600B8B095 /* Project object */;
}
